
Microsoft Visual Studio Solution File, Format Version 12.00
# Visual Studio Version 16
VisualStudioVersion = 16.0.31515.178
MinimumVisualStudioVersion = 10.0.40219.1
Project("{8BC9CEB8-8B4A-11D0-8D11-00A0C91BC942}") = "Project26", "Project26\Project26.vcxproj", "{AEC766D0-B49F-4274-96EC-79D71BE6BDAA}"
EndProject
Global
	GlobalSection(SolutionConfigurationPlatforms) = preSolution
		Debug|x64 = Debug|x64
		Debug|x86 = Debug|x86
		Release|x64 = Release|x64
		Release|x86 = Release|x86
	EndGlobalSection
	GlobalSection(ProjectConfigurationPlatforms) = postSolution
		{AEC766D0-B49F-4274-96EC-79D71BE6BDAA}.Debug|x64.ActiveCfg = Debug|x64
		{AEC766D0-B49F-4274-96EC-79D71BE6BDAA}.Debug|x64.Build.0 = Debug|x64
		{AEC766D0-B49F-4274-96EC-79D71BE6BDAA}.Debug|x86.ActiveCfg = Debug|Win32
		{AEC766D0-B49F-4274-96EC-79D71BE6BDAA}.Debug|x86.Build.0 = Debug|Win32
		{AEC766D0-B49F-4274-96EC-79D71BE6BDAA}.Release|x64.ActiveCfg = Release|x64
		{AEC766D0-B49F-4274-96EC-79D71BE6BDAA}.Release|x64.Build.0 = Release|x64
		{AEC766D0-B49F-4274-96EC-79D71BE6BDAA}.Release|x86.ActiveCfg = Release|Win32
		{AEC766D0-B49F-4274-96EC-79D71BE6BDAA}.Release|x86.Build.0 = Release|Win32
	EndGlobalSection
	GlobalSection(SolutionProperties) = preSolution
		HideSolutionNode = FALSE
	EndGlobalSection
	GlobalSection(ExtensibilityGlobals) = postSolution
		SolutionGuid = {5D4B5D1D-1213-4A1A-B1B8-AC2782B14727}
	EndGlobalSection
EndGlobal
